<?xml version="1.0" encoding="utf-8"?>
<Project ToolsVersion="18.0" xmlns="http://schemas.microsoft.com/developer/msbuild/2003">
  <ItemGroup>
    <ClCompile Include="F:\linux_dev\ananfa\wukong\tankbat\UnityInterface\TankBattleWrapper.cpp">
      <Filter>Source Files</Filter>
    </ClCompile>
  </ItemGroup>
  <ItemGroup>
    <CustomBuild Include="F:\linux_dev\ananfa\wukong\tankbat\UnityInterface\CMakeLists.txt" />
  </ItemGroup>
  <ItemGroup>
    <Filter Include="Source Files">
      <UniqueIdentifier>{912B1724-4135-35FA-95E8-D617A84095E2}</UniqueIdentifier>
    </Filter>
  </ItemGroup>
</Project>
